
Microsoft Visual Studio Solution File, Format Version 12.00
# Visual Studio Version 17
VisualStudioVersion = 17.11.35222.181
MinimumVisualStudioVersion = 10.0.40219.1
Project("{FAE04EC0-301F-11D3-BF4B-00C04F79EFBC}") = "Practica_2", "Practica_2.csproj", "{381FEC6E-3666-4653-94EE-B792BAA6FBBF}"
EndProject
Global
	GlobalSection(SolutionConfigurationPlatforms) = preSolution
		Debug|Any CPU = Debug|Any CPU
		Release|Any CPU = Release|Any CPU
	EndGlobalSection
	GlobalSection(ProjectConfigurationPlatforms) = postSolution
		{381FEC6E-3666-4653-94EE-B792BAA6FBBF}.Debug|Any CPU.ActiveCfg = Debug|Any CPU
		{381FEC6E-3666-4653-94EE-B792BAA6FBBF}.Debug|Any CPU.Build.0 = Debug|Any CPU
		{381FEC6E-3666-4653-94EE-B792BAA6FBBF}.Release|Any CPU.ActiveCfg = Release|Any CPU
		{381FEC6E-3666-4653-94EE-B792BAA6FBBF}.Release|Any CPU.Build.0 = Release|Any CPU
	EndGlobalSection
	GlobalSection(SolutionProperties) = preSolution
		HideSolutionNode = FALSE
	EndGlobalSection
	GlobalSection(ExtensibilityGlobals) = postSolution
		SolutionGuid = {07EE761B-7247-4956-815A-F8B82C9B3AB2}
	EndGlobalSection
EndGlobal
